{
    "_readme": [
        "This file locks the dependencies of your project to a known state",
        "Read more about it at https://getcomposer.org/doc/01-basic-usage.md#composer-lock-the-lock-file",
        "This file is @generated automatically"
    ],
    "hash": "d1e5cda770277a2704aa3fd3fc419d73",
    "content-hash": "035401ea55b93c805c8bd50fb798b1ae",
    "packages": [
        {
            "name": "brightnucleus/config",
            "version": "v0.4.7",
            "source": {
                "type": "git",
                "url": "https://github.com/brightnucleus/config.git",
                "reference": "c15e27d302e4025e454252858462a1ba2a6ed5f6"
            },
            "dist": {
                "type": "zip",
                "url": "https://api.github.com/repos/brightnucleus/config/zipball/c15e27d302e4025e454252858462a1ba2a6ed5f6",
                "reference": "c15e27d302e4025e454252858462a1ba2a6ed5f6",
                "shasum": ""
            },
            "require": {
                "brightnucleus/exceptions": ">=0.2",
                "symfony/options-resolver": ">=2.8"
            },
            "require-dev": {
                "mikey179/vfsstream": "^1.6",
                "php-composter/php-composter-phpcs-psr2": "^0.2.0",
                "phpunit/phpunit": "~4"
            },
            "type": "library",
            "autoload": {
                "psr-4": {
                    "BrightNucleus\\Config\\": "src/"
                }
            },
            "notification-url": "https://packagist.org/downloads/",
            "license": [
                "MIT"
            ],
            "authors": [
                {
                    "name": "Alain Schlesser",
                    "email": "alain.schlesser@gmail.com"
                }
            ],
            "description": "Minimal, reusable Config component.",
            "time": "2016-07-22 13:10:05"
        },
        {
            "name": "brightnucleus/exceptions",
            "version": "v0.2.5",
            "source": {
                "type": "git",
                "url": "https://github.com/brightnucleus/exceptions.git",
                "reference": "10baa93467fc7c9fed68cf98733222dd029afa5f"
            },
            "dist": {
                "type": "zip",
                "url": "https://api.github.com/repos/brightnucleus/exceptions/zipball/10baa93467fc7c9fed68cf98733222dd029afa5f",
                "reference": "10baa93467fc7c9fed68cf98733222dd029afa5f",
                "shasum": ""
            },
            "require-dev": {
                "phpunit/phpunit": "~4",
                "squizlabs/php_codesniffer": "~2.5"
            },
            "type": "library",
            "autoload": {
                "psr-4": {
                    "BrightNucleus\\Exception\\": "src/"
                }
            },
            "notification-url": "https://packagist.org/downloads/",
            "license": [
                "GPL-2.0+"
            ],
            "authors": [
                {
                    "name": "Alain Schlesser",
                    "email": "alain.schlesser@gmail.com"
                }
            ],
            "description": "Exceptions shared across Bright Nucleus components.",
            "time": "2016-06-08 09:20:26"
        },
        {
            "name": "symfony/options-resolver",
            "version": "v3.1.3",
            "source": {
                "type": "git",
                "url": "https://github.com/symfony/options-resolver.git",
                "reference": "30605874d99af0cde6c41fd39e18546330c38100"
            },
            "dist": {
                "type": "zip",
                "url": "https://api.github.com/repos/symfony/options-resolver/zipball/30605874d99af0cde6c41fd39e18546330c38100",
                "reference": "30605874d99af0cde6c41fd39e18546330c38100",
                "shasum": ""
            },
            "require": {
                "php": ">=5.5.9"
            },
            "type": "library",
            "extra": {
                "branch-alias": {
                    "dev-master": "3.1-dev"
                }
            },
            "autoload": {
                "psr-4": {
                    "Symfony\\Component\\OptionsResolver\\": ""
                },
                "exclude-from-classmap": [
                    "/Tests/"
                ]
            },
            "notification-url": "https://packagist.org/downloads/",
            "license": [
                "MIT"
            ],
            "authors": [
                {
                    "name": "Fabien Potencier",
                    "email": "fabien@symfony.com"
                },
                {
                    "name": "Symfony Community",
                    "homepage": "https://symfony.com/contributors"
                }
            ],
            "description": "Symfony OptionsResolver Component",
            "homepage": "https://symfony.com",
            "keywords": [
                "config",
                "configuration",
                "options"
            ],
            "time": "2016-05-12 15:59:27"
        }
    ],
    "packages-dev": [],
    "aliases": [],
    "minimum-stability": "stable",
    "stability-flags": [],
    "prefer-stable": false,
    "prefer-lowest": false,
    "platform": {
        "php": ">=5.4"
    },
    "platform-dev": []
}
